{
  "name": "towerofhanoi",
  "version": "0.1.0",
  "lockfileVersion": 3,
  "requires": true,
  "packages": {
    "": {
      "name": "towerofhanoi",
      "version": "0.1.0",
      "license": "ISC",
      "dependencies": {
        "towerofhanoi": "file:"
      }
    },
    "node_modules/towerofhanoi": {
      "resolved": "",
      "link": true
    }
  }
}
